
Microsoft Visual Studio Solution File, Format Version 12.00
# Visual Studio Version 17
VisualStudioVersion = 17.7.34003.232
MinimumVisualStudioVersion = 10.0.40219.1
Project("{FAE04EC0-301F-11D3-BF4B-00C04F79EFBC}") = "simple_app", "simple_app.csproj", "{BAE263DE-6F73-47DE-8AD1-807131CB793E}"
EndProject
Global
	GlobalSection(SolutionConfigurationPlatforms) = preSolution
		Debug|Any CPU = Debug|Any CPU
		Release|Any CPU = Release|Any CPU
	EndGlobalSection
	GlobalSection(ProjectConfigurationPlatforms) = postSolution
		{BAE263DE-6F73-47DE-8AD1-807131CB793E}.Debug|Any CPU.ActiveCfg = Debug|Any CPU
		{BAE263DE-6F73-47DE-8AD1-807131CB793E}.Debug|Any CPU.Build.0 = Debug|Any CPU
		{BAE263DE-6F73-47DE-8AD1-807131CB793E}.Release|Any CPU.ActiveCfg = Release|Any CPU
		{BAE263DE-6F73-47DE-8AD1-807131CB793E}.Release|Any CPU.Build.0 = Release|Any CPU
	EndGlobalSection
	GlobalSection(SolutionProperties) = preSolution
		HideSolutionNode = FALSE
	EndGlobalSection
	GlobalSection(ExtensibilityGlobals) = postSolution
		SolutionGuid = {2BD484E7-1405-4B01-8FBD-2AFF9E4B6EE8}
	EndGlobalSection
EndGlobal
